
Microsoft Visual Studio Solution File, Format Version 12.00
# Visual Studio Version 16
VisualStudioVersion = 16.0.30621.155
MinimumVisualStudioVersion = 10.0.40219.1
Project("{2150E333-8FDC-42A3-9474-1A3956D46DE8}") = "1 - Presentation", "1 - Presentation", "{C0502AF8-DD9B-4E41-8576-34AF0FAC7352}"
EndProject
Project("{2150E333-8FDC-42A3-9474-1A3956D46DE8}") = "2 - Application", "2 - Application", "{F81E93C3-587F-403F-BC09-B39698DDA42E}"
EndProject
Project("{2150E333-8FDC-42A3-9474-1A3956D46DE8}") = "3 - Domain", "3 - Domain", "{B1E23534-7E0A-4360-9AE4-050940E92BFD}"
EndProject
Project("{2150E333-8FDC-42A3-9474-1A3956D46DE8}") = "4 - Infra", "4 - Infra", "{FCACC7F4-D79C-4C68-A2A6-C46BAC27DD5F}"
EndProject
Project("{9A19103F-16F7-4668-BE54-9A1E7A4F7556}") = "Todo.Presentation.WebApi", "src\Todo.Presentation.WebApi\Todo.Presentation.WebApi.csproj", "{CB66BB03-2EF2-4C72-98EE-43BCF82C1871}"
EndProject
Project("{2150E333-8FDC-42A3-9474-1A3956D46DE8}") = "4.1 - Data", "4.1 - Data", "{87369BB8-512B-4150-8A89-EBBC37E3202B}"
EndProject
Project("{2150E333-8FDC-42A3-9474-1A3956D46DE8}") = "4.2 - CrossCutting", "4.2 - CrossCutting", "{57539632-E9A4-483F-A3EB-A67E91D2F48B}"
EndProject
Project("{9A19103F-16F7-4668-BE54-9A1E7A4F7556}") = "Todo.Application", "src\Todo.Application\Todo.Application.csproj", "{CBCEE293-650E-48F1-8EA4-729992710B98}"
EndProject
Project("{9A19103F-16F7-4668-BE54-9A1E7A4F7556}") = "Todo.Domain", "src\Todo.Domain\Todo.Domain.csproj", "{FC46A0FE-06A6-484A-B1D2-3B21AA6BE888}"
EndProject
Project("{FAE04EC0-301F-11D3-BF4B-00C04F79EFBC}") = "Todo.Infra.CrossCutting.Swagger", "src\Todo.Infra.CrossCutting.Swagger\Todo.Infra.CrossCutting.Swagger.csproj", "{8BB14A89-74B4-43A3-B80E-30024DBF0F25}"
EndProject
Project("{FAE04EC0-301F-11D3-BF4B-00C04F79EFBC}") = "Todo.Infra.CrossCutting.Auth", "src\Todo.Infra.CrossCutting.Auth\Todo.Infra.CrossCutting.Auth.csproj", "{77900E6A-93A3-4969-8442-68A22F64BB18}"
EndProject
Project("{FAE04EC0-301F-11D3-BF4B-00C04F79EFBC}") = "Todo.Infra.Data.NHibernate", "src\Todo.Infra.Data.NHibernate\Todo.Infra.Data.NHibernate.csproj", "{F153203D-6AA9-4B9A-9C06-1CD6309AB30F}"
EndProject
Project("{FAE04EC0-301F-11D3-BF4B-00C04F79EFBC}") = "Todo.Infra.CrossCutting.Mapper", "src\Todo.Infra.CrossCutting.Mapper\Todo.Infra.CrossCutting.Mapper.csproj", "{92A2F50C-59D1-4895-9141-CB95DEB4403E}"
EndProject
Global
	GlobalSection(SolutionConfigurationPlatforms) = preSolution
		Debug|Any CPU = Debug|Any CPU
		Release|Any CPU = Release|Any CPU
	EndGlobalSection
	GlobalSection(ProjectConfigurationPlatforms) = postSolution
		{CB66BB03-2EF2-4C72-98EE-43BCF82C1871}.Debug|Any CPU.ActiveCfg = Debug|Any CPU
		{CB66BB03-2EF2-4C72-98EE-43BCF82C1871}.Debug|Any CPU.Build.0 = Debug|Any CPU
		{CB66BB03-2EF2-4C72-98EE-43BCF82C1871}.Release|Any CPU.ActiveCfg = Release|Any CPU
		{CB66BB03-2EF2-4C72-98EE-43BCF82C1871}.Release|Any CPU.Build.0 = Release|Any CPU
		{CBCEE293-650E-48F1-8EA4-729992710B98}.Debug|Any CPU.ActiveCfg = Debug|Any CPU
		{CBCEE293-650E-48F1-8EA4-729992710B98}.Debug|Any CPU.Build.0 = Debug|Any CPU
		{CBCEE293-650E-48F1-8EA4-729992710B98}.Release|Any CPU.ActiveCfg = Release|Any CPU
		{CBCEE293-650E-48F1-8EA4-729992710B98}.Release|Any CPU.Build.0 = Release|Any CPU
		{FC46A0FE-06A6-484A-B1D2-3B21AA6BE888}.Debug|Any CPU.ActiveCfg = Debug|Any CPU
		{FC46A0FE-06A6-484A-B1D2-3B21AA6BE888}.Debug|Any CPU.Build.0 = Debug|Any CPU
		{FC46A0FE-06A6-484A-B1D2-3B21AA6BE888}.Release|Any CPU.ActiveCfg = Release|Any CPU
		{FC46A0FE-06A6-484A-B1D2-3B21AA6BE888}.Release|Any CPU.Build.0 = Release|Any CPU
		{8BB14A89-74B4-43A3-B80E-30024DBF0F25}.Debug|Any CPU.ActiveCfg = Debug|Any CPU
		{8BB14A89-74B4-43A3-B80E-30024DBF0F25}.Debug|Any CPU.Build.0 = Debug|Any CPU
		{8BB14A89-74B4-43A3-B80E-30024DBF0F25}.Release|Any CPU.ActiveCfg = Release|Any CPU
		{8BB14A89-74B4-43A3-B80E-30024DBF0F25}.Release|Any CPU.Build.0 = Release|Any CPU
		{77900E6A-93A3-4969-8442-68A22F64BB18}.Debug|Any CPU.ActiveCfg = Debug|Any CPU
		{77900E6A-93A3-4969-8442-68A22F64BB18}.Debug|Any CPU.Build.0 = Debug|Any CPU
		{77900E6A-93A3-4969-8442-68A22F64BB18}.Release|Any CPU.ActiveCfg = Release|Any CPU
		{77900E6A-93A3-4969-8442-68A22F64BB18}.Release|Any CPU.Build.0 = Release|Any CPU
		{F153203D-6AA9-4B9A-9C06-1CD6309AB30F}.Debug|Any CPU.ActiveCfg = Debug|Any CPU
		{F153203D-6AA9-4B9A-9C06-1CD6309AB30F}.Debug|Any CPU.Build.0 = Debug|Any CPU
		{F153203D-6AA9-4B9A-9C06-1CD6309AB30F}.Release|Any CPU.ActiveCfg = Release|Any CPU
		{F153203D-6AA9-4B9A-9C06-1CD6309AB30F}.Release|Any CPU.Build.0 = Release|Any CPU
		{92A2F50C-59D1-4895-9141-CB95DEB4403E}.Debug|Any CPU.ActiveCfg = Debug|Any CPU
		{92A2F50C-59D1-4895-9141-CB95DEB4403E}.Debug|Any CPU.Build.0 = Debug|Any CPU
		{92A2F50C-59D1-4895-9141-CB95DEB4403E}.Release|Any CPU.ActiveCfg = Release|Any CPU
		{92A2F50C-59D1-4895-9141-CB95DEB4403E}.Release|Any CPU.Build.0 = Release|Any CPU
	EndGlobalSection
	GlobalSection(SolutionProperties) = preSolution
		HideSolutionNode = FALSE
	EndGlobalSection
	GlobalSection(NestedProjects) = preSolution
		{CB66BB03-2EF2-4C72-98EE-43BCF82C1871} = {C0502AF8-DD9B-4E41-8576-34AF0FAC7352}
		{87369BB8-512B-4150-8A89-EBBC37E3202B} = {FCACC7F4-D79C-4C68-A2A6-C46BAC27DD5F}
		{57539632-E9A4-483F-A3EB-A67E91D2F48B} = {FCACC7F4-D79C-4C68-A2A6-C46BAC27DD5F}
		{CBCEE293-650E-48F1-8EA4-729992710B98} = {F81E93C3-587F-403F-BC09-B39698DDA42E}
		{FC46A0FE-06A6-484A-B1D2-3B21AA6BE888} = {B1E23534-7E0A-4360-9AE4-050940E92BFD}
		{8BB14A89-74B4-43A3-B80E-30024DBF0F25} = {57539632-E9A4-483F-A3EB-A67E91D2F48B}
		{77900E6A-93A3-4969-8442-68A22F64BB18} = {57539632-E9A4-483F-A3EB-A67E91D2F48B}
		{F153203D-6AA9-4B9A-9C06-1CD6309AB30F} = {87369BB8-512B-4150-8A89-EBBC37E3202B}
		{92A2F50C-59D1-4895-9141-CB95DEB4403E} = {57539632-E9A4-483F-A3EB-A67E91D2F48B}
	EndGlobalSection
	GlobalSection(ExtensibilityGlobals) = postSolution
		SolutionGuid = {1FB469C9-C95B-4647-93D2-6917F4B22CFC}
	EndGlobalSection
EndGlobal
